// !$*UTF8*$!
{
	archiveVersion = 1;
	classes = {
	};
	objectVersion = 50;
	objects = {

/* Begin PBXBuildFile section */
		8B02E1092117182600F10DCE /* AppDelegate.swift in Sources */ = {isa = PBXBuildFile; fileRef = 8B02E1082117182600F10DCE /* AppDelegate.swift */; };
		8B02E10B2117182600F10DCE /* ViewController.swift in Sources */ = {isa = PBXBuildFile; fileRef = 8B02E10A2117182600F10DCE /* ViewController.swift */; };
		8B02E10E2117182600F10DCE /* Main.storyboard in Resources */ = {isa = PBXBuildFile; fileRef = 8B02E10C2117182600F10DCE /* Main.storyboard */; };
		8B02E1102117182700F10DCE /* Assets.xcassets in Resources */ = {isa = PBXBuildFile; fileRef = 8B02E10F2117182700F10DCE /* Assets.xcassets */; };
		8B02E1132117182700F10DCE /* LaunchScreen.storyboard in Resources */ = {isa = PBXBuildFile; fileRef = 8B02E1112117182700F10DCE /* LaunchScreen.storyboard */; };
		8B02E11F21173FF600F10DCE /* Item.swift in Sources */ = {isa = PBXBuildFile; fileRef = 8B02E11E21173FF600F10DCE /* Item.swift */; };
		8B02E1232117408400F10DCE /* DataManager.swift in Sources */ = {isa = PBXBuildFile; fileRef = 8B02E1222117408400F10DCE /* DataManager.swift */; };
		8B02E1262117429900F10DCE /* DataSourceProvider.swift in Sources */ = {isa = PBXBuildFile; fileRef = 8B02E1252117429900F10DCE /* DataSourceProvider.swift */; };
		8B02E1282117430A00F10DCE /* ItemCell.swift in Sources */ = {isa = PBXBuildFile; fileRef = 8B02E1272117430A00F10DCE /* ItemCell.swift */; };
/* End PBXBuildFile section */

/* Begin PBXFileReference section */
		8B02E1052117182600F10DCE /* TodoTableViewDataProvider.app */ = {isa = PBXFileReference; explicitFileType = wrapper.application; includeInIndex = 0; path = TodoTableViewDataProvider.app; sourceTree = BUILT_PRODUCTS_DIR; };
		8B02E1082117182600F10DCE /* AppDelegate.swift */ = {isa = PBXFileReference; lastKnownFileType = sourcecode.swift; path = AppDelegate.swift; sourceTree = "<group>"; };
		8B02E10A2117182600F10DCE /* ViewController.swift */ = {isa = PBXFileReference; lastKnownFileType = sourcecode.swift; path = ViewController.swift; sourceTree = "<group>"; };
		8B02E10D2117182600F10DCE /* Base */ = {isa = PBXFileReference; lastKnownFileType = file.storyboard; name = Base; path = Base.lproj/Main.storyboard; sourceTree = "<group>"; };
		8B02E10F2117182700F10DCE /* Assets.xcassets */ = {isa = PBXFileReference; lastKnownFileType = folder.assetcatalog; path = Assets.xcassets; sourceTree = "<group>"; };
		8B02E1122117182700F10DCE /* Base */ = {isa = PBXFileReference; lastKnownFileType = file.storyboard; name = Base; path = Base.lproj/LaunchScreen.storyboard; sourceTree = "<group>"; };
		8B02E1142117182700F10DCE /* Info.plist */ = {isa = PBXFileReference; lastKnownFileType = text.plist.xml; path = Info.plist; sourceTree = "<group>"; };
		8B02E11E21173FF600F10DCE /* Item.swift */ = {isa = PBXFileReference; lastKnownFileType = sourcecode.swift; path = Item.swift; sourceTree = "<group>"; };
		8B02E1222117408400F10DCE /* DataManager.swift */ = {isa = PBXFileReference; lastKnownFileType = sourcecode.swift; path = DataManager.swift; sourceTree = "<group>"; };
		8B02E1252117429900F10DCE /* DataSourceProvider.swift */ = {isa = PBXFileReference; lastKnownFileType = sourcecode.swift; path = DataSourceProvider.swift; sourceTree = "<group>"; };
		8B02E1272117430A00F10DCE /* ItemCell.swift */ = {isa = PBXFileReference; lastKnownFileType = sourcecode.swift; path = ItemCell.swift; sourceTree = "<group>"; };
/* End PBXFileReference section */

/* Begin PBXFrameworksBuildPhase section */
		8B02E1022117182600F10DCE /* Frameworks */ = {
			isa = PBXFrameworksBuildPhase;
			buildActionMask = 2147483647;
			files = (
			);
			runOnlyForDeploymentPostprocessing = 0;
		};
/* End PBXFrameworksBuildPhase section */

/* Begin PBXGroup section */
		8B02E0FC2117182600F10DCE = {
			isa = PBXGroup;
			children = (
				8B02E1072117182600F10DCE /* TodoTableViewDataProvider */,
				8B02E1062117182600F10DCE /* Products */,
			);
			sourceTree = "<group>";
		};
		8B02E1062117182600F10DCE /* Products */ = {
			isa = PBXGroup;
			children = (
				8B02E1052117182600F10DCE /* TodoTableViewDataProvider.app */,
			);
			name = Products;
			sourceTree = "<group>";
		};
		8B02E1072117182600F10DCE /* TodoTableViewDataProvider */ = {
			isa = PBXGroup;
			children = (
				8B02E1242117427000F10DCE /* DataProvider */,
				8B02E11D2117384700F10DCE /* View */,
				8B02E11C2117384200F10DCE /* Model */,
				8B02E11B2117383700F10DCE /* ViewController */,
				8B02E11A2117382600F10DCE /* Resources */,
			);
			path = TodoTableViewDataProvider;
			sourceTree = "<group>";
		};
		8B02E11A2117382600F10DCE /* Resources */ = {
			isa = PBXGroup;
			children = (
				8B02E1082117182600F10DCE /* AppDelegate.swift */,
				8B02E10C2117182600F10DCE /* Main.storyboard */,
				8B02E10F2117182700F10DCE /* Assets.xcassets */,
				8B02E1112117182700F10DCE /* LaunchScreen.storyboard */,
				8B02E1142117182700F10DCE /* Info.plist */,
			);
			path = Resources;
			sourceTree = "<group>";
		};
		8B02E11B2117383700F10DCE /* ViewController */ = {
			isa = PBXGroup;
			children = (
				8B02E10A2117182600F10DCE /* ViewController.swift */,
			);
			path = ViewController;
			sourceTree = "<group>";
		};
		8B02E11C2117384200F10DCE /* Model */ = {
			isa = PBXGroup;
			children = (
				8B02E11E21173FF600F10DCE /* Item.swift */,
				8B02E1222117408400F10DCE /* DataManager.swift */,
			);
			path = Model;
			sourceTree = "<group>";
		};
		8B02E11D2117384700F10DCE /* View */ = {
			isa = PBXGroup;
			children = (
				8B02E1272117430A00F10DCE /* ItemCell.swift */,
			);
			path = View;
			sourceTree = "<group>";
		};
		8B02E1242117427000F10DCE /* DataProvider */ = {
			isa = PBXGroup;
			children = (
				8B02E1252117429900F10DCE /* DataSourceProvider.swift */,
			);
			path = DataProvider;
			sourceTree = "<group>";
		};
/* End PBXGroup section */

/* Begin PBXNativeTarget section */
		8B02E1042117182600F10DCE /* TodoTableViewDataProvider */ = {
			isa = PBXNativeTarget;
			buildConfigurationList = 8B02E1172117182700F10DCE /* Build configuration list for PBXNativeTarget "TodoTableViewDataProvider" */;
			buildPhases = (
				8B02E1012117182600F10DCE /* Sources */,
				8B02E1022117182600F10DCE /* Frameworks */,
				8B02E1032117182600F10DCE /* Resources */,
			);
			buildRules = (
			);
			dependencies = (
			);
			name = TodoTableViewDataProvider;
			productName = TodoTableViewDataProvider;
			productReference = 8B02E1052117182600F10DCE /* TodoTableViewDataProvider.app */;
			productType = "com.apple.product-type.application";
		};
/* End PBXNativeTarget section */

/* Begin PBXProject section */
		8B02E0FD2117182600F10DCE /* Project object */ = {
			isa = PBXProject;
			attributes = {
				LastSwiftUpdateCheck = 0940;
				LastUpgradeCheck = 0940;
				ORGANIZATIONNAME = "Alfian Losari";
				TargetAttributes = {
					8B02E1042117182600F10DCE = {
						CreatedOnToolsVersion = 9.4.1;
					};
				};
			};
			buildConfigurationList = 8B02E1002117182600F10DCE /* Build configuration list for PBXProject "TodoTableViewDataProvider" */;
			compatibilityVersion = "Xcode 9.3";
			developmentRegion = en;
			hasScannedForEncodings = 0;
			knownRegions = (
				en,
				Base,
			);
			mainGroup = 8B02E0FC2117182600F10DCE;
			productRefGroup = 8B02E1062117182600F10DCE /* Products */;
			projectDirPath = "";
			projectRoot = "";
			targets = (
				8B02E1042117182600F10DCE /* TodoTableViewDataProvider */,
			);
		};
/* End PBXProject section */

/* Begin PBXResourcesBuildPhase section */
		8B02E1032117182600F10DCE /* Resources */ = {
			isa = PBXResourcesBuildPhase;
			buildActionMask = 2147483647;
			files = (
				8B02E1132117182700F10DCE /* LaunchScreen.storyboard in Resources */,
				8B02E1102117182700F10DCE /* Assets.xcassets in Resources */,
				8B02E10E2117182600F10DCE /* Main.storyboard in Resources */,
			);
			runOnlyForDeploymentPostprocessing = 0;
		};
/* End PBXResourcesBuildPhase section */

/* Begin PBXSourcesBuildPhase section */
		8B02E1012117182600F10DCE /* Sources */ = {
			isa = PBXSourcesBuildPhase;
			buildActionMask = 2147483647;
			files = (
				8B02E10B2117182600F10DCE /* ViewController.swift in Sources */,
				8B02E1232117408400F10DCE /* DataManager.swift in Sources */,
				8B02E1282117430A00F10DCE /* ItemCell.swift in Sources */,
				8B02E11F21173FF600F10DCE /* Item.swift in Sources */,
				8B02E1262117429900F10DCE /* DataSourceProvider.swift in Sources */,
				8B02E1092117182600F10DCE /* AppDelegate.swift in Sources */,
			);
			runOnlyForDeploymentPostprocessing = 0;
		};
/* End PBXSourcesBuildPhase section */

/* Begin PBXVariantGroup section */
		8B02E10C2117182600F10DCE /* Main.storyboard */ = {
			isa = PBXVariantGroup;
			children = (
				8B02E10D2117182600F10DCE /* Base */,
			);
			name = Main.storyboard;
			sourceTree = "<group>";
		};
		8B02E1112117182700F10DCE /* LaunchScreen.storyboard */ = {
			isa = PBXVariantGroup;
			children = (
				8B02E1122117182700F10DCE /* Base */,
			);
			name = LaunchScreen.storyboard;
			sourceTree = "<group>";
		};
/* End PBXVariantGroup section */

/* Begin XCBuildConfiguration section */
		8B02E1152117182700F10DCE /* Debug */ = {
			isa = XCBuildConfiguration;
			buildSettings = {
				ALWAYS_SEARCH_USER_PATHS = NO;
				CLANG_ANALYZER_NONNULL = YES;
				CLANG_ANALYZER_NUMBER_OBJECT_CONVERSION = YES_AGGRESSIVE;
				CLANG_CXX_LANGUAGE_STANDARD = "gnu++14";
				CLANG_CXX_LIBRARY = "libc++";
				CLANG_ENABLE_MODULES = YES;
				CLANG_ENABLE_OBJC_ARC = YES;
				CLANG_ENABLE_OBJC_WEAK = YES;
				CLANG_WARN_BLOCK_CAPTURE_AUTORELEASING = YES;
				CLANG_WARN_BOOL_CONVERSION = YES;
				CLANG_WARN_COMMA = YES;
				CLANG_WARN_CONSTANT_CONVERSION = YES;
				CLANG_WARN_DEPRECATED_OBJC_IMPLEMENTATIONS = YES;
				CLANG_WARN_DIRECT_OBJC_ISA_USAGE = YES_ERROR;
				CLANG_WARN_DOCUMENTATION_COMMENTS = YES;
				CLANG_WARN_EMPTY_BODY = YES;
				CLANG_WARN_ENUM_CONVERSION = YES;
				CLANG_WARN_INFINITE_RECURSION = YES;
				CLANG_WARN_INT_CONVERSION = YES;
				CLANG_WARN_NON_LITERAL_NULL_CONVERSION = YES;
				CLANG_WARN_OBJC_IMPLICIT_RETAIN_SELF = YES;
				CLANG_WARN_OBJC_LITERAL_CONVERSION = YES;
				CLANG_WARN_OBJC_ROOT_CLASS = YES_ERROR;
				CLANG_WARN_RANGE_LOOP_ANALYSIS = YES;
				CLANG_WARN_STRICT_PROTOTYPES = YES;
				CLANG_WARN_SUSPICIOUS_MOVE = YES;
				CLANG_WARN_UNGUARDED_AVAILABILITY = YES_AGGRESSIVE;
				CLANG_WARN_UNREACHABLE_CODE = YES;
				CLANG_WARN__DUPLICATE_METHOD_MATCH = YES;
				CODE_SIGN_IDENTITY = "iPhone Developer";
				COPY_PHASE_STRIP = NO;
				DEBUG_INFORMATION_FORMAT = dwarf;
				ENABLE_STRICT_OBJC_MSGSEND = YES;
				ENABLE_TESTABILITY = YES;
				GCC_C_LANGUAGE_STANDARD = gnu11;
				GCC_DYNAMIC_NO_PIC = NO;
				GCC_NO_COMMON_BLOCKS = YES;
				GCC_OPTIMIZATION_LEVEL = 0;
				GCC_PREPROCESSOR_DEFINITIONS = (
					"DEBUG=1",
					"$(inherited)",
				);
				GCC_WARN_64_TO_32_BIT_CONVERSION = YES;
				GCC_WARN_ABOUT_RETURN_TYPE = YES_ERROR;
				GCC_WARN_UNDECLARED_SELECTOR = YES;
				GCC_WARN_UNINITIALIZED_AUTOS = YES_AGGRESSIVE;
				GCC_WARN_UNUSED_FUNCTION = YES;
				GCC_WARN_UNUSED_VARIABLE = YES;
				IPHONEOS_DEPLOYMENT_TARGET = 11.4;
				MTL_ENABLE_DEBUG_INFO = YES;
				ONLY_ACTIVE_ARCH = YES;
				SDKROOT = iphoneos;
				SWIFT_ACTIVE_COMPILATION_CONDITIONS = DEBUG;
				SWIFT_OPTIMIZATION_LEVEL = "-Onone";
			};
			name = Debug;
		};
		8B02E1162117182700F10DCE /* Release */ = {
			isa = XCBuildConfiguration;
			buildSettings = {
				ALWAYS_SEARCH_USER_PATHS = NO;
				CLANG_ANALYZER_NONNULL = YES;
				CLANG_ANALYZER_NUMBER_OBJECT_CONVERSION = YES_AGGRESSIVE;
				CLANG_CXX_LANGUAGE_STANDARD = "gnu++14";
				CLANG_CXX_LIBRARY = "libc++";
				CLANG_ENABLE_MODULES = YES;
				CLANG_ENABLE_OBJC_ARC = YES;
				CLANG_ENABLE_OBJC_WEAK = YES;
				CLANG_WARN_BLOCK_CAPTURE_AUTORELEASING = YES;
				CLANG_WARN_BOOL_CONVERSION = YES;
				CLANG_WARN_COMMA = YES;
				CLANG_WARN_CONSTANT_CONVERSION = YES;
				CLANG_WARN_DEPRECATED_OBJC_IMPLEMENTATIONS = YES;
				CLANG_WARN_DIRECT_OBJC_ISA_USAGE = YES_ERROR;
				CLANG_WARN_DOCUMENTATION_COMMENTS = YES;
				CLANG_WARN_EMPTY_BODY = YES;
				CLANG_WARN_ENUM_CONVERSION = YES;
				CLANG_WARN_INFINITE_RECURSION = YES;
				CLANG_WARN_INT_CONVERSION = YES;
				CLANG_WARN_NON_LITERAL_NULL_CONVERSION = YES;
				CLANG_WARN_OBJC_IMPLICIT_RETAIN_SELF = YES;
				CLANG_WARN_OBJC_LITERAL_CONVERSION = YES;
				CLANG_WARN_OBJC_ROOT_CLASS = YES_ERROR;
				CLANG_WARN_RANGE_LOOP_ANALYSIS = YES;
				CLANG_WARN_STRICT_PROTOTYPES = YES;
				CLANG_WARN_SUSPICIOUS_MOVE = YES;
				CLANG_WARN_UNGUARDED_AVAILABILITY = YES_AGGRESSIVE;
				CLANG_WARN_UNREACHABLE_CODE = YES;
				CLANG_WARN__DUPLICATE_METHOD_MATCH = YES;
				CODE_SIGN_IDENTITY = "iPhone Developer";
				COPY_PHASE_STRIP = NO;
				DEBUG_INFORMATION_FORMAT = "dwarf-with-dsym";
				ENABLE_NS_ASSERTIONS = NO;
				ENABLE_STRICT_OBJC_MSGSEND = YES;
				GCC_C_LANGUAGE_STANDARD = gnu11;
				GCC_NO_COMMON_BLOCKS = YES;
				GCC_WARN_64_TO_32_BIT_CONVERSION = YES;
				GCC_WARN_ABOUT_RETURN_TYPE = YES_ERROR;
				GCC_WARN_UNDECLARED_SELECTOR = YES;
				GCC_WARN_UNINITIALIZED_AUTOS = YES_AGGRESSIVE;
				GCC_WARN_UNUSED_FUNCTION = YES;
				GCC_WARN_UNUSED_VARIABLE = YES;
				IPHONEOS_DEPLOYMENT_TARGET = 11.4;
				MTL_ENABLE_DEBUG_INFO = NO;
				SDKROOT = iphoneos;
				SWIFT_COMPILATION_MODE = wholemodule;
				SWIFT_OPTIMIZATION_LEVEL = "-O";
				VALIDATE_PRODUCT = YES;
			};
			name = Release;
		};
		8B02E1182117182700F10DCE /* Debug */ = {
			isa = XCBuildConfiguration;
			buildSettings = {
				ASSETCATALOG_COMPILER_APPICON_NAME = AppIcon;
				CODE_SIGN_STYLE = Automatic;
				DEVELOPMENT_TEAM = 5C2XD9H2JS;
				INFOPLIST_FILE = "$(SRCROOT)/TodoTableViewDataProvider/Resources/Info.plist";
				LD_RUNPATH_SEARCH_PATHS = (
					"$(inherited)",
					"@executable_path/Frameworks",
				);
				PRODUCT_BUNDLE_IDENTIFIER = com.alfianlosari.TodoTableViewDataProvider;
				PRODUCT_NAME = "$(TARGET_NAME)";
				SWIFT_VERSION = 4.0;
				TARGETED_DEVICE_FAMILY = "1,2";
			};
			name = Debug;
		};
		8B02E1192117182700F10DCE /* Release */ = {
			isa = XCBuildConfiguration;
			buildSettings = {
				ASSETCATALOG_COMPILER_APPICON_NAME = AppIcon;
				CODE_SIGN_STYLE = Automatic;
				DEVELOPMENT_TEAM = 5C2XD9H2JS;
				INFOPLIST_FILE = "$(SRCROOT)/TodoTableViewDataProvider/Resources/Info.plist";
				LD_RUNPATH_SEARCH_PATHS = (
					"$(inherited)",
					"@executable_path/Frameworks",
				);
				PRODUCT_BUNDLE_IDENTIFIER = com.alfianlosari.TodoTableViewDataProvider;
				PRODUCT_NAME = "$(TARGET_NAME)";
				SWIFT_VERSION = 4.0;
				TARGETED_DEVICE_FAMILY = "1,2";
			};
			name = Release;
		};
/* End XCBuildConfiguration section */

/* Begin XCConfigurationList section */
		8B02E1002117182600F10DCE /* Build configuration list for PBXProject "TodoTableViewDataProvider" */ = {
			isa = XCConfigurationList;
			buildConfigurations = (
				8B02E1152117182700F10DCE /* Debug */,
				8B02E1162117182700F10DCE /* Release */,
			);
			defaultConfigurationIsVisible = 0;
			defaultConfigurationName = Release;
		};
		8B02E1172117182700F10DCE /* Build configuration list for PBXNativeTarget "TodoTableViewDataProvider" */ = {
			isa = XCConfigurationList;
			buildConfigurations = (
				8B02E1182117182700F10DCE /* Debug */,
				8B02E1192117182700F10DCE /* Release */,
			);
			defaultConfigurationIsVisible = 0;
			defaultConfigurationName = Release;
		};
/* End XCConfigurationList section */
	};
	rootObject = 8B02E0FD2117182600F10DCE /* Project object */;
}
